
Microsoft Visual Studio Solution File, Format Version 12.00
# Visual Studio Version 17
VisualStudioVersion = 17.4.33213.308
MinimumVisualStudioVersion = 10.0.40219.1
Project("{FAE04EC0-301F-11D3-BF4B-00C04F79EFBC}") = "integrat", "integrat\integrat.csproj", "{90F242B4-9087-49E3-A856-1DEB1ABA012C}"
EndProject
Global
	GlobalSection(SolutionConfigurationPlatforms) = preSolution
		Debug|Any CPU = Debug|Any CPU
		Release|Any CPU = Release|Any CPU
	EndGlobalSection
	GlobalSection(ProjectConfigurationPlatforms) = postSolution
		{90F242B4-9087-49E3-A856-1DEB1ABA012C}.Debug|Any CPU.ActiveCfg = Debug|Any CPU
		{90F242B4-9087-49E3-A856-1DEB1ABA012C}.Debug|Any CPU.Build.0 = Debug|Any CPU
		{90F242B4-9087-49E3-A856-1DEB1ABA012C}.Release|Any CPU.ActiveCfg = Release|Any CPU
		{90F242B4-9087-49E3-A856-1DEB1ABA012C}.Release|Any CPU.Build.0 = Release|Any CPU
	EndGlobalSection
	GlobalSection(SolutionProperties) = preSolution
		HideSolutionNode = FALSE
	EndGlobalSection
	GlobalSection(ExtensibilityGlobals) = postSolution
		SolutionGuid = {45694F24-32EA-4430-89CF-D480C326A605}
	EndGlobalSection
EndGlobal
